{
  "nodes": {
    "core": {
      "inputs": {
        "nixpkgs": "nixpkgs",
        "noctalia": "noctalia",
        "obscura": "obscura"
      },
      "locked": {
        "lastModified": 1791525679,
        "narHash": "sha256-3dHr43u8blrfna9IN2Tcd/dqsBKeDmNEcWco3NG45hc=",
        "owner": "nullcopy",
        "repo": "nixos-core",
        "rev": "d483b0bb28a7894cd0ca6d37572cd8bfa6bc3ae0",
        "type": "github"
      },
      "original": {
        "owner": "nullcopy",
        "repo": "nixos-core",
        "type": "github"
      }
    },
    "crane": {
      "locked": {
        "lastModified": 1754269165,
        "narHash": "sha256-0tcS8FHd4QjbCVoxN9jI+PjHgA4vc/IjkUSp+N3zy0U=",
        "owner": "ipetkov",
        "repo": "crane",
        "rev": "444e81206df3f7d92780680e45858e31d2f07a08",
        "type": "github"
      },
      "original": {
        "owner": "ipetkov",
        "repo": "crane",
        "type": "github"
      }
    },
    "flake-utils": {
      "inputs": {
        "systems": "systems"
      },
      "locked": {
        "lastModified": 1731533236,
        "narHash": "sha256-l0KFg5HjrsfsO/JpG+r7fRrqm12kzFHyUHqHCVpMMbI=",
        "owner": "numtide",
        "repo": "flake-utils",
        "rev": "11707dc2f618dd54ca8739b309ec4fc024de578b",
        "type": "github"
      },
      "original": {
        "owner": "numtide",
        "repo": "flake-utils",
        "type": "github"
      }
    },
    "nixpkgs": {
      "locked": {
        "lastModified": 1791456040,
        "narHash": "sha256-H83yz/do+hjOO0uujHyH8RgtIQP2v7Mw+cLwcZK/xKc=",
        "owner": "nixos",
        "repo": "nixpkgs",
        "rev": "e7439b6b14ad3cc35d05608ebca9bce01a25f5f8",
        "type": "github"
      },
      "original": {
        "owner": "nixos",
        "ref": "nixos-unstable",
        "repo": "nixpkgs",
        "type": "github"
      }
    },
    "noctalia": {
      "inputs": {
        "nixpkgs": [
          "core",
          "nixpkgs"
        ]
      },
      "locked": {
        "lastModified": 1787858564,
        "narHash": "sha256-WijEuINvjcXMO/e/zMqwG1lyGiWNosnVt1QY+ko0Rw8=",
        "owner": "noctalia-dev",
        "repo": "noctalia-shell",
        "rev": "74e6c2790dd8f39bf496e90e479a9ae370846eed",
        "type": "github"
      },
      "original": {
        "owner": "noctalia-dev",
        "ref": "v5.0.0-beta.10",
        "repo": "noctalia-shell",
        "type": "github"
      }
    },
    "obscura": {
      "inputs": {
        "crane": "crane",
        "flake-utils": "flake-utils",
        "nixpkgs": [
          "core",
          "nixpkgs"
        ],
        "rust-overlay": "rust-overlay"
      },
      "locked": {
        "lastModified": 1791396213,
        "narHash": "sha256-fHfe7eSymHWdAlKTFBOszv7znSo5EPCf/zl82pJQ9Xo=",
        "owner": "Sovereign-Engineering",
        "repo": "obscuravpn-client",
        "rev": "84ff6e482f162fd53ed796e266a41ee7b4dd582f",
        "type": "github"
      },
      "original": {
        "owner": "Sovereign-Engineering",
        "ref": "v/1.182",
        "repo": "obscuravpn-client",
        "type": "github"
      }
    },
    "root": {
      "inputs": {
        "core": "core",
        "nixpkgs": [
          "core",
          "nixpkgs"
        ]
      }
    },
    "rust-overlay": {
      "inputs": {
        "nixpkgs": [
          "core",
          "nixpkgs"
        ]
      },
      "locked": {
        "lastModified": 1755225702,
        "narHash": "sha256-i7Rgs943NqX0RgQW0/l1coi8eWBj3XhxVggMpjjzTsk=",
        "owner": "oxalica",
        "repo": "rust-overlay",
        "rev": "4abaeba6b176979be0da0195b9e4ce86bc501ae4",
        "type": "github"
      },
      "original": {
        "owner": "oxalica",
        "repo": "rust-overlay",
        "type": "github"
      }
    },
    "systems": {
      "locked": {
        "lastModified": 1681028828,
        "narHash": "sha256-Vy1rq5AaRuLzOxct8nz4T6wlgyUR7zLU309k9mBC768=",
        "owner": "nix-systems",
        "repo": "default",
        "rev": "da67096a3b9bf56a91d16901293e51ba5b49a27e",
        "type": "github"
      },
      "original": {
        "owner": "nix-systems",
        "repo": "default",
        "type": "github"
      }
    }
  },
  "root": "root",
  "version": 7
}
